Compliance           62d3b5cbfd3fc9dee016888037fcd8ad8828e99c663b56357ea031f5556e44d4
ConsoleSettings      af1c61b775ed1cc9a7f53c6dfc4407200a1f53b26f31137801f495d0da6bd506
Governance           f90ced97606fd653f4b077caeb8a4bcf765c18eefb266202bc0c8a6b3d9f4709
Identity             4180d7781a7e5c49bbe1c42ab34737c7d71a620b25c3930531b9c895a23367e3
